
Microsoft Visual Studio Solution File, Format Version 12.00
# Visual Studio Version 16
VisualStudioVersion = 16.0.30204.135
MinimumVisualStudioVersion = 10.0.40219.1
Project("{FAE04EC0-301F-11D3-BF4B-00C04F79EFBC}") = "MT.OnlineRestaurant.ReviewManagement", "MT.OnlineRestaurant.ReviewManagement\MT.OnlineRestaurant.ReviewManagement.csproj", "{17516736-6BE2-41F5-84DB-672321AC27E2}"
EndProject
Project("{FAE04EC0-301F-11D3-BF4B-00C04F79EFBC}") = "MT.OnlineRestaurant.BusinessEntities", "MT.OnlineRestaurant.BusinessEntities\MT.OnlineRestaurant.BusinessEntities.csproj", "{06FDB2CE-845D-49F9-ABFE-D8CC634E6CC2}"
EndProject
Project("{FAE04EC0-301F-11D3-BF4B-00C04F79EFBC}") = "MT.OnlineRestaurant.BusinessLayer", "MT.OnlineRestaurant.BusinessLayer\MT.OnlineRestaurant.BusinessLayer.csproj", "{8DC1E818-A568-4E30-B68F-417E70F2AE27}"
EndProject
Project("{FAE04EC0-301F-11D3-BF4B-00C04F79EFBC}") = "MT.OnlineRestaurant.DataLayer", "MT.OnlineRestaurant.DataLayer\MT.OnlineRestaurant.DataLayer.csproj", "{A88083A8-FD82-4769-B53A-BE0005598A2E}"
EndProject
Project("{FAE04EC0-301F-11D3-BF4B-00C04F79EFBC}") = "MT.OnlineRestaurant.UT", "MT.OnlineRestaurant.UT\MT.OnlineRestaurant.UT.csproj", "{4F0611A1-B2E0-4B53-8B07-219EAFB90E0D}"
EndProject
Global
	GlobalSection(SolutionConfigurationPlatforms) = preSolution
		Debug|Any CPU = Debug|Any CPU
		Release|Any CPU = Release|Any CPU
	EndGlobalSection
	GlobalSection(ProjectConfigurationPlatforms) = postSolution
		{17516736-6BE2-41F5-84DB-672321AC27E2}.Debug|Any CPU.ActiveCfg = Debug|Any CPU
		{17516736-6BE2-41F5-84DB-672321AC27E2}.Debug|Any CPU.Build.0 = Debug|Any CPU
		{17516736-6BE2-41F5-84DB-672321AC27E2}.Release|Any CPU.ActiveCfg = Release|Any CPU
		{17516736-6BE2-41F5-84DB-672321AC27E2}.Release|Any CPU.Build.0 = Release|Any CPU
		{06FDB2CE-845D-49F9-ABFE-D8CC634E6CC2}.Debug|Any CPU.ActiveCfg = Debug|Any CPU
		{06FDB2CE-845D-49F9-ABFE-D8CC634E6CC2}.Debug|Any CPU.Build.0 = Debug|Any CPU
		{06FDB2CE-845D-49F9-ABFE-D8CC634E6CC2}.Release|Any CPU.ActiveCfg = Release|Any CPU
		{06FDB2CE-845D-49F9-ABFE-D8CC634E6CC2}.Release|Any CPU.Build.0 = Release|Any CPU
		{8DC1E818-A568-4E30-B68F-417E70F2AE27}.Debug|Any CPU.ActiveCfg = Debug|Any CPU
		{8DC1E818-A568-4E30-B68F-417E70F2AE27}.Debug|Any CPU.Build.0 = Debug|Any CPU
		{8DC1E818-A568-4E30-B68F-417E70F2AE27}.Release|Any CPU.ActiveCfg = Release|Any CPU
		{8DC1E818-A568-4E30-B68F-417E70F2AE27}.Release|Any CPU.Build.0 = Release|Any CPU
		{A88083A8-FD82-4769-B53A-BE0005598A2E}.Debug|Any CPU.ActiveCfg = Debug|Any CPU
		{A88083A8-FD82-4769-B53A-BE0005598A2E}.Debug|Any CPU.Build.0 = Debug|Any CPU
		{A88083A8-FD82-4769-B53A-BE0005598A2E}.Release|Any CPU.ActiveCfg = Release|Any CPU
		{A88083A8-FD82-4769-B53A-BE0005598A2E}.Release|Any CPU.Build.0 = Release|Any CPU
		{4F0611A1-B2E0-4B53-8B07-219EAFB90E0D}.Debug|Any CPU.ActiveCfg = Debug|Any CPU
		{4F0611A1-B2E0-4B53-8B07-219EAFB90E0D}.Debug|Any CPU.Build.0 = Debug|Any CPU
		{4F0611A1-B2E0-4B53-8B07-219EAFB90E0D}.Release|Any CPU.ActiveCfg = Release|Any CPU
		{4F0611A1-B2E0-4B53-8B07-219EAFB90E0D}.Release|Any CPU.Build.0 = Release|Any CPU
	EndGlobalSection
	GlobalSection(SolutionProperties) = preSolution
		HideSolutionNode = FALSE
	EndGlobalSection
	GlobalSection(ExtensibilityGlobals) = postSolution
		SolutionGuid = {78A39CF3-50F2-4812-B11A-ED50B6D3529F}
	EndGlobalSection
EndGlobal
